
Microsoft Visual Studio Solution File, Format Version 12.00
# Visual Studio Version 16
VisualStudioVersion = 16.0.29020.237
MinimumVisualStudioVersion = 10.0.40219.1
Project("{8BC9CEB8-8B4A-11D0-8D11-00A0C91BC942}") = "AdventureOfHackerMan", "AdventureOfHackerMan\AdventureOfHackerMan.vcxproj", "{0BE8DC7F-9A01-4386-A305-EFEFF2551A53}"
EndProject
Global
	GlobalSection(SolutionConfigurationPlatforms) = preSolution
		Debug|x64 = Debug|x64
		Debug|x86 = Debug|x86
		Release|x64 = Release|x64
		Release|x86 = Release|x86
	EndGlobalSection
	GlobalSection(ProjectConfigurationPlatforms) = postSolution
		{0BE8DC7F-9A01-4386-A305-EFEFF2551A53}.Debug|x64.ActiveCfg = Debug|x64
		{0BE8DC7F-9A01-4386-A305-EFEFF2551A53}.Debug|x64.Build.0 = Debug|x64
		{0BE8DC7F-9A01-4386-A305-EFEFF2551A53}.Debug|x86.ActiveCfg = Debug|Win32
		{0BE8DC7F-9A01-4386-A305-EFEFF2551A53}.Debug|x86.Build.0 = Debug|Win32
		{0BE8DC7F-9A01-4386-A305-EFEFF2551A53}.Release|x64.ActiveCfg = Release|x64
		{0BE8DC7F-9A01-4386-A305-EFEFF2551A53}.Release|x64.Build.0 = Release|x64
		{0BE8DC7F-9A01-4386-A305-EFEFF2551A53}.Release|x86.ActiveCfg = Release|Win32
		{0BE8DC7F-9A01-4386-A305-EFEFF2551A53}.Release|x86.Build.0 = Release|Win32
	EndGlobalSection
	GlobalSection(SolutionProperties) = preSolution
		HideSolutionNode = FALSE
	EndGlobalSection
	GlobalSection(ExtensibilityGlobals) = postSolution
		SolutionGuid = {2DCAB201-34BB-4A74-9FC0-F74DDDC2CACF}
	EndGlobalSection
EndGlobal
