<?xml version="1.0" encoding="utf-8"?>
<Project ToolsVersion="4.0" xmlns="http://schemas.microsoft.com/developer/msbuild/2003">
  <ItemGroup>
    <Filter Include="Code">
      <UniqueIdentifier>{95b78b9f-8ffc-4968-8ed6-c5a8dcbbe391}</UniqueIdentifier>
    </Filter>
    <Filter Include="Resource">
      <UniqueIdentifier>{fd418027-e14c-4710-b69d-50705ec58075}</UniqueIdentifier>
    </Filter>
    <Filter Include="Code\Engine">
      <UniqueIdentifier>{4b1b24e9-42e5-4025-aade-8f682c478c7e}</UniqueIdentifier>
    </Filter>
    <Filter Include="Code\Game">
      <UniqueIdentifier>{b1169567-71d1-477c-82fd-7ca4e0b0aeaf}</UniqueIdentifier>
    </Filter>
    <Filter Include="Code\Engine\BasicObjects">
      <UniqueIdentifier>{d5a99840-a342-474f-831a-f104759be7df}</UniqueIdentifier>
    </Filter>
    <Filter Include="Code\Game\Levels">
      <UniqueIdentifier>{59e6044d-7ca8-4d0a-8c10-bb9f8316de59}</UniqueIdentifier>
    </Filter>
    <Filter Include="Code\Game\Objects">
      <UniqueIdentifier>{050cd29a-31f4-49d7-90e5-76cd25b5461f}</UniqueIdentifier>
    </Filter>
  </ItemGroup>
  <ItemGroup>
    <ClCompile Include="WinMain.cpp">
      <Filter>Code</Filter>
    </ClCompile>
    <ClCompile Include="Engine\BasicObjects\Button.cpp">
      <Filter>Code\Engine\BasicObjects</Filter>
    </ClCompile>
    <ClCompile Include="Engine\Engine.cpp">
      <Filter>Code\Engine</Filter>
    </ClCompile>
    <ClCompile Include="Engine\Level.cpp">
      <Filter>Code\Engine</Filter>
    </ClCompile>
    <ClCompile Include="Engine\Map.cpp">
      <Filter>Code\Engine</Filter>
    </ClCompile>
    <ClCompile Include="Engine\Object.cpp">
      <Filter>Code\Engine</Filter>
    </ClCompile>
    <ClCompile Include="Engine\RenderEngine.cpp">
      <Filter>Code\Engine</Filter>
    </ClCompile>
    <ClCompile Include="Game\Game.cpp">
      <Filter>Code\Game</Filter>
    </ClCompile>
    <ClCompile Include="Game\Levels\ClassChoosing.cpp">
      <Filter>Code\Game\Levels</Filter>
    </ClCompile>
    <ClCompile Include="Game\Levels\MainMenu.cpp">
      <Filter>Code\Game\Levels</Filter>
    </ClCompile>
    <ClCompile Include="Game\Levels\ExitMenu.cpp">
      <Filter>Code\Game\Levels</Filter>
    </ClCompile>
    <ClCompile Include="Game\Levels\OptionsMenu.cpp">
      <Filter>Code\Game\Levels</Filter>
    </ClCompile>
    <ClCompile Include="Engine\BasicObjects\Slider.cpp">
      <Filter>Code\Engine\BasicObjects</Filter>
    </ClCompile>
  </ItemGroup>
  <ItemGroup>
    <ClInclude Include="Engine\BasicObjects\Button.h">
      <Filter>Code\Engine\BasicObjects</Filter>
    </ClInclude>
    <ClInclude Include="Engine\Constants.h">
      <Filter>Code\Engine</Filter>
    </ClInclude>
    <ClInclude Include="Engine\Engine.h">
      <Filter>Code\Engine</Filter>
    </ClInclude>
    <ClInclude Include="Engine\Level.h">
      <Filter>Code\Engine</Filter>
    </ClInclude>
    <ClInclude Include="Engine\Map.h">
      <Filter>Code\Engine</Filter>
    </ClInclude>
    <ClInclude Include="Engine\Object.h">
      <Filter>Code\Engine</Filter>
    </ClInclude>
    <ClInclude Include="Engine\RenderEngine.h">
      <Filter>Code\Engine</Filter>
    </ClInclude>
    <ClInclude Include="Game\Game.h">
      <Filter>Code\Game</Filter>
    </ClInclude>
    <ClInclude Include="Game\Levels\ClassChoosing.h">
      <Filter>Code\Game\Levels</Filter>
    </ClInclude>
    <ClInclude Include="Game\Levels\MainMenu.h">
      <Filter>Code\Game\Levels</Filter>
    </ClInclude>
    <ClInclude Include="Resources\resource.h">
      <Filter>Resource</Filter>
    </ClInclude>
    <ClInclude Include="Game\Levels\ExitMenu.h">
      <Filter>Code\Game\Levels</Filter>
    </ClInclude>
    <ClInclude Include="Game\Levels\OptionsMenu.h">
      <Filter>Code\Game\Levels</Filter>
    </ClInclude>
    <ClInclude Include="Engine\BasicObjects\Slider.h">
      <Filter>Code\Engine\BasicObjects</Filter>
    </ClInclude>
  </ItemGroup>
  <ItemGroup>
    <ResourceCompile Include="Resources\AdventureOfHackerMan.rc">
      <Filter>Resource</Filter>
    </ResourceCompile>
  </ItemGroup>
</Project>